github.com/accDB/funcs v0.0.0-20240307002019-d5f790ca3913 h1:0fmahTFjoXDlET0X/DLwQyZrEChiyeSGToZ8VFCzqhw=
github.com/accDB/funcs v0.0.0-20240307002019-d5f790ca3913/go.mod h1:egt6nugkicIFik+awYWNJ6H0SwTy3CKPj8TFjGXqhLs=
github.com/accDB/funcs v0.0.0-20240307004646-401b32aee6ed h1:ycXLd+sYymgWwxbRtiPsfr3yM+3AqxDffoYZPlqkb2k=
github.com/accDB/funcs v0.0.0-20240307004646-401b32aee6ed/go.mod h1:dVTqPsrU/kXlyj5j2qNqlQMFYjYRa7Aj1GNq01Rv+NU=
